// !$*UTF8*$!
{
	archiveVersion = 1;
	classes = {
	};
	objectVersion = 77;
	objects = {

/* Begin PBXContainerItemProxy section */
		3709694D2D19B5C80019430D /* PBXContainerItemProxy */ = {
			isa = PBXContainerItemProxy;
			containerPortal = 370969342D19B5C50019430D /* Project object */;
			proxyType = 1;
			remoteGlobalIDString = 3709693B2D19B5C50019430D;
			remoteInfo = LoginScreenSwiftUI;
		};
		370969572D19B5C80019430D /* PBXContainerItemProxy */ = {
			isa = PBXContainerItemProxy;
			containerPortal = 370969342D19B5C50019430D /* Project object */;
			proxyType = 1;
			remoteGlobalIDString = 3709693B2D19B5C50019430D;
			remoteInfo = LoginScreenSwiftUI;
		};
/* End PBXContainerItemProxy section */

/* Begin PBXFileReference section */
		3709693C2D19B5C50019430D /* LoginScreenSwiftUI.app */ = {isa = PBXFileReference; explicitFileType = wrapper.application; includeInIndex = 0; path = LoginScreenSwiftUI.app; sourceTree = BUILT_PRODUCTS_DIR; };
		3709694C2D19B5C80019430D /* LoginScreenSwiftUITests.xctest */ = {isa = PBXFileReference; explicitFileType = wrapper.cfbundle; includeInIndex = 0; path = LoginScreenSwiftUITests.xctest; sourceTree = BUILT_PRODUCTS_DIR; };
		370969562D19B5C80019430D /* LoginScreenSwiftUIUITests.xctest */ = {isa = PBXFileReference; explicitFileType = wrapper.cfbundle; includeInIndex = 0; path = LoginScreenSwiftUIUITests.xctest; sourceTree = BUILT_PRODUCTS_DIR; };
/* End PBXFileReference section */

/* Begin PBXFileSystemSynchronizedRootGroup section */
		3709693E2D19B5C50019430D /* LoginScreenSwiftUI */ = {
			isa = PBXFileSystemSynchronizedRootGroup;
			path = LoginScreenSwiftUI;
			sourceTree = "<group>";
		};
		3709694F2D19B5C80019430D /* LoginScreenSwiftUITests */ = {
			isa = PBXFileSystemSynchronizedRootGroup;
			path = LoginScreenSwiftUITests;
			sourceTree = "<group>";
		};
		370969592D19B5C80019430D /* LoginScreenSwiftUIUITests */ = {
			isa = PBXFileSystemSynchronizedRootGroup;
			path = LoginScreenSwiftUIUITests;
			sourceTree = "<group>";
		};
/* End PBXFileSystemSynchronizedRootGroup section */

/* Begin PBXFrameworksBuildPhase section */
		370969392D19B5C50019430D /* Frameworks */ = {
			isa = PBXFrameworksBuildPhase;
			buildActionMask = 2147483647;
			files = (
			);
			runOnlyForDeploymentPostprocessing = 0;
		};
		370969492D19B5C80019430D /* Frameworks */ = {
			isa = PBXFrameworksBuildPhase;
			buildActionMask = 2147483647;
			files = (
			);
			runOnlyForDeploymentPostprocessing = 0;
		};
		370969532D19B5C80019430D /* Frameworks */ = {
			isa = PBXFrameworksBuildPhase;
			buildActionMask = 2147483647;
			files = (
			);
			runOnlyForDeploymentPostprocessing = 0;
		};
/* End PBXFrameworksBuildPhase section */

/* Begin PBXGroup section */
		370969332D19B5C50019430D = {
			isa = PBXGroup;
			children = (
				3709693E2D19B5C50019430D /* LoginScreenSwiftUI */,
				3709694F2D19B5C80019430D /* LoginScreenSwiftUITests */,
				370969592D19B5C80019430D /* LoginScreenSwiftUIUITests */,
				3709693D2D19B5C50019430D /* Products */,
			);
			sourceTree = "<group>";
		};
		3709693D2D19B5C50019430D /* Products */ = {
			isa = PBXGroup;
			children = (
				3709693C2D19B5C50019430D /* LoginScreenSwiftUI.app */,
				3709694C2D19B5C80019430D /* LoginScreenSwiftUITests.xctest */,
				370969562D19B5C80019430D /* LoginScreenSwiftUIUITests.xctest */,
			);
			name = Products;
			sourceTree = "<group>";
		};
/* End PBXGroup section */

/* Begin PBXNativeTarget section */
		3709693B2D19B5C50019430D /* LoginScreenSwiftUI */ = {
			isa = PBXNativeTarget;
			buildConfigurationList = 370969602D19B5C80019430D /* Build configuration list for PBXNativeTarget "LoginScreenSwiftUI" */;
			buildPhases = (
				370969382D19B5C50019430D /* Sources */,
				370969392D19B5C50019430D /* Frameworks */,
				3709693A2D19B5C50019430D /* Resources */,
			);
			buildRules = (
			);
			dependencies = (
			);
			fileSystemSynchronizedGroups = (
				3709693E2D19B5C50019430D /* LoginScreenSwiftUI */,
			);
			name = LoginScreenSwiftUI;
			packageProductDependencies = (
			);
			productName = LoginScreenSwiftUI;
			productReference = 3709693C2D19B5C50019430D /* LoginScreenSwiftUI.app */;
			productType = "com.apple.product-type.application";
		};
		3709694B2D19B5C80019430D /* LoginScreenSwiftUITests */ = {
			isa = PBXNativeTarget;
			buildConfigurationList = 370969632D19B5C80019430D /* Build configuration list for PBXNativeTarget "LoginScreenSwiftUITests" */;
			buildPhases = (
				370969482D19B5C80019430D /* Sources */,
				370969492D19B5C80019430D /* Frameworks */,
				3709694A2D19B5C80019430D /* Resources */,
			);
			buildRules = (
			);
			dependencies = (
				3709694E2D19B5C80019430D /* PBXTargetDependency */,
			);
			fileSystemSynchronizedGroups = (
				3709694F2D19B5C80019430D /* LoginScreenSwiftUITests */,
			);
			name = LoginScreenSwiftUITests;
			packageProductDependencies = (
			);
			productName = LoginScreenSwiftUITests;
			productReference = 3709694C2D19B5C80019430D /* LoginScreenSwiftUITests.xctest */;
			productType = "com.apple.product-type.bundle.unit-test";
		};
		370969552D19B5C80019430D /* LoginScreenSwiftUIUITests */ = {
			isa = PBXNativeTarget;
			buildConfigurationList = 370969662D19B5C80019430D /* Build configuration list for PBXNativeTarget "LoginScreenSwiftUIUITests" */;
			buildPhases = (
				370969522D19B5C80019430D /* Sources */,
				370969532D19B5C80019430D /* Frameworks */,
				370969542D19B5C80019430D /* Resources */,
			);
			buildRules = (
			);
			dependencies = (
				370969582D19B5C80019430D /* PBXTargetDependency */,
			);
			fileSystemSynchronizedGroups = (
				370969592D19B5C80019430D /* LoginScreenSwiftUIUITests */,
			);
			name = LoginScreenSwiftUIUITests;
			packageProductDependencies = (
			);
			productName = LoginScreenSwiftUIUITests;
			productReference = 370969562D19B5C80019430D /* LoginScreenSwiftUIUITests.xctest */;
			productType = "com.apple.product-type.bundle.ui-testing";
		};
/* End PBXNativeTarget section */

/* Begin PBXProject section */
		370969342D19B5C50019430D /* Project object */ = {
			isa = PBXProject;
			attributes = {
				BuildIndependentTargetsInParallel = 1;
				LastSwiftUpdateCheck = 1620;
				LastUpgradeCheck = 1620;
				TargetAttributes = {
					3709693B2D19B5C50019430D = {
						CreatedOnToolsVersion = 16.2;
					};
					3709694B2D19B5C80019430D = {
						CreatedOnToolsVersion = 16.2;
						TestTargetID = 3709693B2D19B5C50019430D;
					};
					370969552D19B5C80019430D = {
						CreatedOnToolsVersion = 16.2;
						TestTargetID = 3709693B2D19B5C50019430D;
					};
				};
			};
			buildConfigurationList = 370969372D19B5C50019430D /* Build configuration list for PBXProject "LoginScreenSwiftUI" */;
			developmentRegion = en;
			hasScannedForEncodings = 0;
			knownRegions = (
				en,
				Base,
			);
			mainGroup = 370969332D19B5C50019430D;
			minimizedProjectReferenceProxies = 1;
			preferredProjectObjectVersion = 77;
			productRefGroup = 3709693D2D19B5C50019430D /* Products */;
			projectDirPath = "";
			projectRoot = "";
			targets = (
				3709693B2D19B5C50019430D /* LoginScreenSwiftUI */,
				3709694B2D19B5C80019430D /* LoginScreenSwiftUITests */,
				370969552D19B5C80019430D /* LoginScreenSwiftUIUITests */,
			);
		};
/* End PBXProject section */

/* Begin PBXResourcesBuildPhase section */
		3709693A2D19B5C50019430D /* Resources */ = {
			isa = PBXResourcesBuildPhase;
			buildActionMask = 2147483647;
			files = (
			);
			runOnlyForDeploymentPostprocessing = 0;
		};
		3709694A2D19B5C80019430D /* Resources */ = {
			isa = PBXResourcesBuildPhase;
			buildActionMask = 2147483647;
			files = (
			);
			runOnlyForDeploymentPostprocessing = 0;
		};
		370969542D19B5C80019430D /* Resources */ = {
			isa = PBXResourcesBuildPhase;
			buildActionMask = 2147483647;
			files = (
			);
			runOnlyForDeploymentPostprocessing = 0;
		};
/* End PBXResourcesBuildPhase section */

/* Begin PBXSourcesBuildPhase section */
		370969382D19B5C50019430D /* Sources */ = {
			isa = PBXSourcesBuildPhase;
			buildActionMask = 2147483647;
			files = (
			);
			runOnlyForDeploymentPostprocessing = 0;
		};
		370969482D19B5C80019430D /* Sources */ = {
			isa = PBXSourcesBuildPhase;
			buildActionMask = 2147483647;
			files = (
			);
			runOnlyForDeploymentPostprocessing = 0;
		};
		370969522D19B5C80019430D /* Sources */ = {
			isa = PBXSourcesBuildPhase;
			buildActionMask = 2147483647;
			files = (
			);
			runOnlyForDeploymentPostprocessing = 0;
		};
/* End PBXSourcesBuildPhase section */

/* Begin PBXTargetDependency section */
		3709694E2D19B5C80019430D /* PBXTargetDependency */ = {
			isa = PBXTargetDependency;
			target = 3709693B2D19B5C50019430D /* LoginScreenSwiftUI */;
			targetProxy = 3709694D2D19B5C80019430D /* PBXContainerItemProxy */;
		};
		370969582D19B5C80019430D /* PBXTargetDependency */ = {
			isa = PBXTargetDependency;
			target = 3709693B2D19B5C50019430D /* LoginScreenSwiftUI */;
			targetProxy = 370969572D19B5C80019430D /* PBXContainerItemProxy */;
		};
/* End PBXTargetDependency section */

/* Begin XCBuildConfiguration section */
		3709695E2D19B5C80019430D /* Debug */ = {
			isa = XCBuildConfiguration;
			buildSettings = {
				ALWAYS_SEARCH_USER_PATHS = NO;
				ASSETCATALOG_COMPILER_GENERATE_SWIFT_ASSET_SYMBOL_EXTENSIONS = YES;
				CLANG_ANALYZER_NONNULL = YES;
				CLANG_ANALYZER_NUMBER_OBJECT_CONVERSION = YES_AGGRESSIVE;
				CLANG_CXX_LANGUAGE_STANDARD = "gnu++20";
				CLANG_ENABLE_MODULES = YES;
				CLANG_ENABLE_OBJC_ARC = YES;
				CLANG_ENABLE_OBJC_WEAK = YES;
				CLANG_WARN_BLOCK_CAPTURE_AUTORELEASING = YES;
				CLANG_WARN_BOOL_CONVERSION = YES;
				CLANG_WARN_COMMA = YES;
				CLANG_WARN_CONSTANT_CONVERSION = YES;
				CLANG_WARN_DEPRECATED_OBJC_IMPLEMENTATIONS = YES;
				CLANG_WARN_DIRECT_OBJC_ISA_USAGE = YES_ERROR;
				CLANG_WARN_DOCUMENTATION_COMMENTS = YES;
				CLANG_WARN_EMPTY_BODY = YES;
				CLANG_WARN_ENUM_CONVERSION = YES;
				CLANG_WARN_INFINITE_RECURSION = YES;
				CLANG_WARN_INT_CONVERSION = YES;
				CLANG_WARN_NON_LITERAL_NULL_CONVERSION = YES;
				CLANG_WARN_OBJC_IMPLICIT_RETAIN_SELF = YES;
				CLANG_WARN_OBJC_LITERAL_CONVERSION = YES;
				CLANG_WARN_OBJC_ROOT_CLASS = YES_ERROR;
				CLANG_WARN_QUOTED_INCLUDE_IN_FRAMEWORK_HEADER = YES;
				CLANG_WARN_RANGE_LOOP_ANALYSIS = YES;
				CLANG_WARN_STRICT_PROTOTYPES = YES;
				CLANG_WARN_SUSPICIOUS_MOVE = YES;
				CLANG_WARN_UNGUARDED_AVAILABILITY = YES_AGGRESSIVE;
				CLANG_WARN_UNREACHABLE_CODE = YES;
				CLANG_WARN__DUPLICATE_METHOD_MATCH = YES;
				COPY_PHASE_STRIP = NO;
				DEBUG_INFORMATION_FORMAT = dwarf;
				ENABLE_STRICT_OBJC_MSGSEND = YES;
				ENABLE_TESTABILITY = YES;
				ENABLE_USER_SCRIPT_SANDBOXING = YES;
				GCC_C_LANGUAGE_STANDARD = gnu17;
				GCC_DYNAMIC_NO_PIC = NO;
				GCC_NO_COMMON_BLOCKS = YES;
				GCC_OPTIMIZATION_LEVEL = 0;
				GCC_PREPROCESSOR_DEFINITIONS = (
					"DEBUG=1",
					"$(inherited)",
				);
				GCC_WARN_64_TO_32_BIT_CONVERSION = YES;
				GCC_WARN_ABOUT_RETURN_TYPE = YES_ERROR;
				GCC_WARN_UNDECLARED_SELECTOR = YES;
				GCC_WARN_UNINITIALIZED_AUTOS = YES_AGGRESSIVE;
				GCC_WARN_UNUSED_FUNCTION = YES;
				GCC_WARN_UNUSED_VARIABLE = YES;
				IPHONEOS_DEPLOYMENT_TARGET = 18.2;
				LOCALIZATION_PREFERS_STRING_CATALOGS = YES;
				MTL_ENABLE_DEBUG_INFO = INCLUDE_SOURCE;
				MTL_FAST_MATH = YES;
				ONLY_ACTIVE_ARCH = YES;
				SDKROOT = iphoneos;
				SWIFT_ACTIVE_COMPILATION_CONDITIONS = "DEBUG $(inherited)";
				SWIFT_OPTIMIZATION_LEVEL = "-Onone";
			};
			name = Debug;
		};
		3709695F2D19B5C80019430D /* Release */ = {
			isa = XCBuildConfiguration;
			buildSettings = {
				ALWAYS_SEARCH_USER_PATHS = NO;
				ASSETCATALOG_COMPILER_GENERATE_SWIFT_ASSET_SYMBOL_EXTENSIONS = YES;
				CLANG_ANALYZER_NONNULL = YES;
				CLANG_ANALYZER_NUMBER_OBJECT_CONVERSION = YES_AGGRESSIVE;
				CLANG_CXX_LANGUAGE_STANDARD = "gnu++20";
				CLANG_ENABLE_MODULES = YES;
				CLANG_ENABLE_OBJC_ARC = YES;
				CLANG_ENABLE_OBJC_WEAK = YES;
				CLANG_WARN_BLOCK_CAPTURE_AUTORELEASING = YES;
				CLANG_WARN_BOOL_CONVERSION = YES;
				CLANG_WARN_COMMA = YES;
				CLANG_WARN_CONSTANT_CONVERSION = YES;
				CLANG_WARN_DEPRECATED_OBJC_IMPLEMENTATIONS = YES;
				CLANG_WARN_DIRECT_OBJC_ISA_USAGE = YES_ERROR;
				CLANG_WARN_DOCUMENTATION_COMMENTS = YES;
				CLANG_WARN_EMPTY_BODY = YES;
				CLANG_WARN_ENUM_CONVERSION = YES;
				CLANG_WARN_INFINITE_RECURSION = YES;
				CLANG_WARN_INT_CONVERSION = YES;
				CLANG_WARN_NON_LITERAL_NULL_CONVERSION = YES;
				CLANG_WARN_OBJC_IMPLICIT_RETAIN_SELF = YES;
				CLANG_WARN_OBJC_LITERAL_CONVERSION = YES;
				CLANG_WARN_OBJC_ROOT_CLASS = YES_ERROR;
				CLANG_WARN_QUOTED_INCLUDE_IN_FRAMEWORK_HEADER = YES;
				CLANG_WARN_RANGE_LOOP_ANALYSIS = YES;
				CLANG_WARN_STRICT_PROTOTYPES = YES;
				CLANG_WARN_SUSPICIOUS_MOVE = YES;
				CLANG_WARN_UNGUARDED_AVAILABILITY = YES_AGGRESSIVE;
				CLANG_WARN_UNREACHABLE_CODE = YES;
				CLANG_WARN__DUPLICATE_METHOD_MATCH = YES;
				COPY_PHASE_STRIP = NO;
				DEBUG_INFORMATION_FORMAT = "dwarf-with-dsym";
				ENABLE_NS_ASSERTIONS = NO;
				ENABLE_STRICT_OBJC_MSGSEND = YES;
				ENABLE_USER_SCRIPT_SANDBOXING = YES;
				GCC_C_LANGUAGE_STANDARD = gnu17;
				GCC_NO_COMMON_BLOCKS = YES;
				GCC_WARN_64_TO_32_BIT_CONVERSION = YES;
				GCC_WARN_ABOUT_RETURN_TYPE = YES_ERROR;
				GCC_WARN_UNDECLARED_SELECTOR = YES;
				GCC_WARN_UNINITIALIZED_AUTOS = YES_AGGRESSIVE;
				GCC_WARN_UNUSED_FUNCTION = YES;
				GCC_WARN_UNUSED_VARIABLE = YES;
				IPHONEOS_DEPLOYMENT_TARGET = 18.2;
				LOCALIZATION_PREFERS_STRING_CATALOGS = YES;
				MTL_ENABLE_DEBUG_INFO = NO;
				MTL_FAST_MATH = YES;
				SDKROOT = iphoneos;
				SWIFT_COMPILATION_MODE = wholemodule;
				VALIDATE_PRODUCT = YES;
			};
			name = Release;
		};
		370969612D19B5C80019430D /* Debug */ = {
			isa = XCBuildConfiguration;
			buildSettings = {
				ASSETCATALOG_COMPILER_APPICON_NAME = AppIcon;
				ASSETCATALOG_COMPILER_GLOBAL_ACCENT_COLOR_NAME = AccentColor;
				CODE_SIGN_STYLE = Automatic;
				CURRENT_PROJECT_VERSION = 1;
				DEVELOPMENT_ASSET_PATHS = "\"LoginScreenSwiftUI/Preview Content\"";
				ENABLE_PREVIEWS = YES;
				GENERATE_INFOPLIST_FILE = YES;
				INFOPLIST_KEY_UIApplicationSceneManifest_Generation = YES;
				INFOPLIST_KEY_UIApplicationSupportsIndirectInputEvents = YES;
				INFOPLIST_KEY_UILaunchScreen_Generation = YES;
				INFOPLIST_KEY_UISupportedInterfaceOrientations_iPad = "UIInterfaceOrientationPortrait UIInterfaceOrientationPortraitUpsideDown UIInterfaceOrientationLandscapeLeft UIInterfaceOrientationLandscapeRight";
				INFOPLIST_KEY_UISupportedInterfaceOrientations_iPhone = "UIInterfaceOrientationPortrait UIInterfaceOrientationLandscapeLeft UIInterfaceOrientationLandscapeRight";
				LD_RUNPATH_SEARCH_PATHS = (
					"$(inherited)",
					"@executable_path/Frameworks",
				);
				MARKETING_VERSION = 1.0;
				PRODUCT_BUNDLE_IDENTIFIER = com.apolis.LoginScreenSwiftUI;
				PRODUCT_NAME = "$(TARGET_NAME)";
				SWIFT_EMIT_LOC_STRINGS = YES;
				SWIFT_VERSION = 5.0;
				TARGETED_DEVICE_FAMILY = "1,2";
			};
			name = Debug;
		};
		370969622D19B5C80019430D /* Release */ = {
			isa = XCBuildConfiguration;
			buildSettings = {
				ASSETCATALOG_COMPILER_APPICON_NAME = AppIcon;
				ASSETCATALOG_COMPILER_GLOBAL_ACCENT_COLOR_NAME = AccentColor;
				CODE_SIGN_STYLE = Automatic;
				CURRENT_PROJECT_VERSION = 1;
				DEVELOPMENT_ASSET_PATHS = "\"LoginScreenSwiftUI/Preview Content\"";
				ENABLE_PREVIEWS = YES;
				GENERATE_INFOPLIST_FILE = YES;
				INFOPLIST_KEY_UIApplicationSceneManifest_Generation = YES;
				INFOPLIST_KEY_UIApplicationSupportsIndirectInputEvents = YES;
				INFOPLIST_KEY_UILaunchScreen_Generation = YES;
				INFOPLIST_KEY_UISupportedInterfaceOrientations_iPad = "UIInterfaceOrientationPortrait UIInterfaceOrientationPortraitUpsideDown UIInterfaceOrientationLandscapeLeft UIInterfaceOrientationLandscapeRight";
				INFOPLIST_KEY_UISupportedInterfaceOrientations_iPhone = "UIInterfaceOrientationPortrait UIInterfaceOrientationLandscapeLeft UIInterfaceOrientationLandscapeRight";
				LD_RUNPATH_SEARCH_PATHS = (
					"$(inherited)",
					"@executable_path/Frameworks",
				);
				MARKETING_VERSION = 1.0;
				PRODUCT_BUNDLE_IDENTIFIER = com.apolis.LoginScreenSwiftUI;
				PRODUCT_NAME = "$(TARGET_NAME)";
				SWIFT_EMIT_LOC_STRINGS = YES;
				SWIFT_VERSION = 5.0;
				TARGETED_DEVICE_FAMILY = "1,2";
			};
			name = Release;
		};
		370969642D19B5C80019430D /* Debug */ = {
			isa = XCBuildConfiguration;
			buildSettings = {
				BUNDLE_LOADER = "$(TEST_HOST)";
				CODE_SIGN_STYLE = Automatic;
				CURRENT_PROJECT_VERSION = 1;
				GENERATE_INFOPLIST_FILE = YES;
				IPHONEOS_DEPLOYMENT_TARGET = 18.2;
				MARKETING_VERSION = 1.0;
				PRODUCT_BUNDLE_IDENTIFIER = com.apolis.LoginScreenSwiftUITests;
				PRODUCT_NAME = "$(TARGET_NAME)";
				SWIFT_EMIT_LOC_STRINGS = NO;
				SWIFT_VERSION = 5.0;
				TARGETED_DEVICE_FAMILY = "1,2";
				TEST_HOST = "$(BUILT_PRODUCTS_DIR)/LoginScreenSwiftUI.app/$(BUNDLE_EXECUTABLE_FOLDER_PATH)/LoginScreenSwiftUI";
			};
			name = Debug;
		};
		370969652D19B5C80019430D /* Release */ = {
			isa = XCBuildConfiguration;
			buildSettings = {
				BUNDLE_LOADER = "$(TEST_HOST)";
				CODE_SIGN_STYLE = Automatic;
				CURRENT_PROJECT_VERSION = 1;
				GENERATE_INFOPLIST_FILE = YES;
				IPHONEOS_DEPLOYMENT_TARGET = 18.2;
				MARKETING_VERSION = 1.0;
				PRODUCT_BUNDLE_IDENTIFIER = com.apolis.LoginScreenSwiftUITests;
				PRODUCT_NAME = "$(TARGET_NAME)";
				SWIFT_EMIT_LOC_STRINGS = NO;
				SWIFT_VERSION = 5.0;
				TARGETED_DEVICE_FAMILY = "1,2";
				TEST_HOST = "$(BUILT_PRODUCTS_DIR)/LoginScreenSwiftUI.app/$(BUNDLE_EXECUTABLE_FOLDER_PATH)/LoginScreenSwiftUI";
			};
			name = Release;
		};
		370969672D19B5C80019430D /* Debug */ = {
			isa = XCBuildConfiguration;
			buildSettings = {
				CODE_SIGN_STYLE = Automatic;
				CURRENT_PROJECT_VERSION = 1;
				GENERATE_INFOPLIST_FILE = YES;
				MARKETING_VERSION = 1.0;
				PRODUCT_BUNDLE_IDENTIFIER = com.apolis.LoginScreenSwiftUIUITests;
				PRODUCT_NAME = "$(TARGET_NAME)";
				SWIFT_EMIT_LOC_STRINGS = NO;
				SWIFT_VERSION = 5.0;
				TARGETED_DEVICE_FAMILY = "1,2";
				TEST_TARGET_NAME = LoginScreenSwiftUI;
			};
			name = Debug;
		};
		370969682D19B5C80019430D /* Release */ = {
			isa = XCBuildConfiguration;
			buildSettings = {
				CODE_SIGN_STYLE = Automatic;
				CURRENT_PROJECT_VERSION = 1;
				GENERATE_INFOPLIST_FILE = YES;
				MARKETING_VERSION = 1.0;
				PRODUCT_BUNDLE_IDENTIFIER = com.apolis.LoginScreenSwiftUIUITests;
				PRODUCT_NAME = "$(TARGET_NAME)";
				SWIFT_EMIT_LOC_STRINGS = NO;
				SWIFT_VERSION = 5.0;
				TARGETED_DEVICE_FAMILY = "1,2";
				TEST_TARGET_NAME = LoginScreenSwiftUI;
			};
			name = Release;
		};
/* End XCBuildConfiguration section */

/* Begin XCConfigurationList section */
		370969372D19B5C50019430D /* Build configuration list for PBXProject "LoginScreenSwiftUI" */ = {
			isa = XCConfigurationList;
			buildConfigurations = (
				3709695E2D19B5C80019430D /* Debug */,
				3709695F2D19B5C80019430D /* Release */,
			);
			defaultConfigurationIsVisible = 0;
			defaultConfigurationName = Release;
		};
		370969602D19B5C80019430D /* Build configuration list for PBXNativeTarget "LoginScreenSwiftUI" */ = {
			isa = XCConfigurationList;
			buildConfigurations = (
				370969612D19B5C80019430D /* Debug */,
				370969622D19B5C80019430D /* Release */,
			);
			defaultConfigurationIsVisible = 0;
			defaultConfigurationName = Release;
		};
		370969632D19B5C80019430D /* Build configuration list for PBXNativeTarget "LoginScreenSwiftUITests" */ = {
			isa = XCConfigurationList;
			buildConfigurations = (
				370969642D19B5C80019430D /* Debug */,
				370969652D19B5C80019430D /* Release */,
			);
			defaultConfigurationIsVisible = 0;
			defaultConfigurationName = Release;
		};
		370969662D19B5C80019430D /* Build configuration list for PBXNativeTarget "LoginScreenSwiftUIUITests" */ = {
			isa = XCConfigurationList;
			buildConfigurations = (
				370969672D19B5C80019430D /* Debug */,
				370969682D19B5C80019430D /* Release */,
			);
			defaultConfigurationIsVisible = 0;
			defaultConfigurationName = Release;
		};
/* End XCConfigurationList section */
	};
	rootObject = 370969342D19B5C50019430D /* Project object */;
}
